
Microsoft Visual Studio Solution File, Format Version 12.00
# Visual Studio Version 17
VisualStudioVersion = 17.9.34728.123
MinimumVisualStudioVersion = 10.0.40219.1
Project("{9A19103F-16F7-4668-BE54-9A1E7A4F7556}") = "Hotel", "HotelBooking\Hotel.csproj", "{8EC6FE18-B84D-4BC4-8F1F-CB9EA189E22D}"
EndProject
Project("{E53339B2-1760-4266-BCC7-CA923CBCF16C}") = "docker-compose", "docker-compose.dcproj", "{EBDC0C0A-C043-47EC-A9A5-CB7675774F84}"
EndProject
Project("{9A19103F-16F7-4668-BE54-9A1E7A4F7556}") = "Transaction", "Transaction\Transaction.csproj", "{415D0538-1C54-4FE4-B1CC-5677E80DF015}"
EndProject
Global
	GlobalSection(SolutionConfigurationPlatforms) = preSolution
		Debug|Any CPU = Debug|Any CPU
		Release|Any CPU = Release|Any CPU
	EndGlobalSection
	GlobalSection(ProjectConfigurationPlatforms) = postSolution
		{8EC6FE18-B84D-4BC4-8F1F-CB9EA189E22D}.Debug|Any CPU.ActiveCfg = Debug|Any CPU
		{8EC6FE18-B84D-4BC4-8F1F-CB9EA189E22D}.Debug|Any CPU.Build.0 = Debug|Any CPU
		{8EC6FE18-B84D-4BC4-8F1F-CB9EA189E22D}.Release|Any CPU.ActiveCfg = Release|Any CPU
		{8EC6FE18-B84D-4BC4-8F1F-CB9EA189E22D}.Release|Any CPU.Build.0 = Release|Any CPU
		{EBDC0C0A-C043-47EC-A9A5-CB7675774F84}.Debug|Any CPU.ActiveCfg = Debug|Any CPU
		{EBDC0C0A-C043-47EC-A9A5-CB7675774F84}.Debug|Any CPU.Build.0 = Debug|Any CPU
		{EBDC0C0A-C043-47EC-A9A5-CB7675774F84}.Release|Any CPU.ActiveCfg = Release|Any CPU
		{EBDC0C0A-C043-47EC-A9A5-CB7675774F84}.Release|Any CPU.Build.0 = Release|Any CPU
		{415D0538-1C54-4FE4-B1CC-5677E80DF015}.Debug|Any CPU.ActiveCfg = Debug|Any CPU
		{415D0538-1C54-4FE4-B1CC-5677E80DF015}.Debug|Any CPU.Build.0 = Debug|Any CPU
		{415D0538-1C54-4FE4-B1CC-5677E80DF015}.Release|Any CPU.ActiveCfg = Release|Any CPU
		{415D0538-1C54-4FE4-B1CC-5677E80DF015}.Release|Any CPU.Build.0 = Release|Any CPU
	EndGlobalSection
	GlobalSection(SolutionProperties) = preSolution
		HideSolutionNode = FALSE
	EndGlobalSection
	GlobalSection(ExtensibilityGlobals) = postSolution
		SolutionGuid = {4FC5E208-87E0-40DB-8B0B-1E7499E3235F}
	EndGlobalSection
EndGlobal
